
Microsoft Visual Studio Solution File, Format Version 12.00
# Visual Studio Version 17
VisualStudioVersion = 17.13.35913.81
MinimumVisualStudioVersion = 10.0.40219.1
Project("{2150E333-8FDC-42A3-9474-1A3956D46DE8}") = "Services", "Services", "{5854FF58-B8C5-05C6-5BF2-ACE42193F22B}"
EndProject
Project("{2150E333-8FDC-42A3-9474-1A3956D46DE8}") = "ProductService", "ProductService", "{1C57C2D2-1246-804C-0890-EC7B6BEC053B}"
EndProject
Project("{FAE04EC0-301F-11D3-BF4B-00C04F79EFBC}") = "ProductService.API", "Services\ProductService\ProductService.API\ProductService.API.csproj", "{7A831F2C-C63F-481D-8827-9ACBDE7367D7}"
EndProject
Project("{FAE04EC0-301F-11D3-BF4B-00C04F79EFBC}") = "ProductService.Application", "Services\ProductService\ProductService.Application\ProductService.Application.csproj", "{836A2A57-C467-4635-979D-3CA81DD058B6}"
EndProject
Project("{FAE04EC0-301F-11D3-BF4B-00C04F79EFBC}") = "ProductService.Domain", "Services\ProductService\ProductService.Domain\ProductService.Domain.csproj", "{BEC37CA0-195F-44AF-9E8E-9A45C6A33C3D}"
EndProject
Project("{FAE04EC0-301F-11D3-BF4B-00C04F79EFBC}") = "ProductService.Infrastructure", "Services\ProductService\ProductService.Infrastructure\ProductService.Infrastructure.csproj", "{2C29CAAE-E854-4D44-89A7-A00B414C20B3}"
EndProject
Project("{FAE04EC0-301F-11D3-BF4B-00C04F79EFBC}") = "ProductService.Tests", "Services\ProductService\ProductService.Tests\ProductService.Tests.csproj", "{0396AE55-8656-496C-A1AB-00101ED6E1E8}"
EndProject
Project("{2150E333-8FDC-42A3-9474-1A3956D46DE8}") = "BasketService", "BasketService", "{2B5AA97F-3934-F7AB-A6E2-CA58291B95A8}"
EndProject
Project("{FAE04EC0-301F-11D3-BF4B-00C04F79EFBC}") = "BasketService.API", "Services\BasketService\BasketService.API\BasketService.API.csproj", "{2C7357EA-8B68-4A9E-8F7F-09B02C363459}"
EndProject
Project("{FAE04EC0-301F-11D3-BF4B-00C04F79EFBC}") = "BasketService.Application", "Services\BasketService\BasketService.Application\BasketService.Application.csproj", "{10278878-FA3E-4752-822C-0EFB43A4A9CB}"
EndProject
Project("{FAE04EC0-301F-11D3-BF4B-00C04F79EFBC}") = "BasketService.Domain", "Services\BasketService\BasketService.Domain\BasketService.Domain.csproj", "{237C49EB-7733-422C-AABD-BC862B057CD0}"
EndProject
Project("{FAE04EC0-301F-11D3-BF4B-00C04F79EFBC}") = "BasketService.Infrastructure", "Services\BasketService\BasketService.Infrastructure\BasketService.Infrastructure.csproj", "{DBDAAF22-13E2-4936-B35C-8530E065CC28}"
EndProject
Project("{2150E333-8FDC-42A3-9474-1A3956D46DE8}") = "AuthService", "AuthService", "{378295AF-C144-6721-7CFF-8DE6E58ED8C7}"
EndProject
Project("{FAE04EC0-301F-11D3-BF4B-00C04F79EFBC}") = "AuthService.API", "Services\AuthService\AuthService.API\AuthService.API.csproj", "{D3FC6D69-04F6-4035-B49C-57A34A97B3EE}"
EndProject
Project("{FAE04EC0-301F-11D3-BF4B-00C04F79EFBC}") = "AuthService.Application", "Services\AuthService\AuthService.Application\AuthService.Application.csproj", "{301B550C-DB27-4AAC-A27B-50779E54F48B}"
EndProject
Project("{FAE04EC0-301F-11D3-BF4B-00C04F79EFBC}") = "AuthService.Domain", "Services\AuthService\AuthService.Domain\AuthService.Domain.csproj", "{767A04A4-8FC1-4984-ADAC-BEBB0469C56B}"
EndProject
Project("{FAE04EC0-301F-11D3-BF4B-00C04F79EFBC}") = "AuthService.Infrastructure", "Services\AuthService\AuthService.Infrastructure\AuthService.Infrastructure.csproj", "{5144D65E-5CE9-49A4-BD2E-B312AF271687}"
EndProject
Project("{2150E333-8FDC-42A3-9474-1A3956D46DE8}") = "Gateway", "Gateway", "{E7BDDBC6-9FD1-D1D7-ACD8-2C4F8E3D2461}"
EndProject
Project("{2150E333-8FDC-42A3-9474-1A3956D46DE8}") = "ApiGateway", "ApiGateway", "{2141A215-AC49-07B8-5C97-F1F960E8B242}"
EndProject
Project("{FAE04EC0-301F-11D3-BF4B-00C04F79EFBC}") = "ECommerce.Gateway", "Gateway\ApiGateway\ECommerce.Gateway\ECommerce.Gateway.csproj", "{45451135-C8A3-427E-B645-D966519DABBF}"
EndProject
Project("{2150E333-8FDC-42A3-9474-1A3956D46DE8}") = "OrderService", "OrderService", "{844513FA-26BB-44B3-8BA2-28FDF7A3C3E8}"
EndProject
Project("{FAE04EC0-301F-11D3-BF4B-00C04F79EFBC}") = "OrderService.API", "Services\OrderService\OrderService.API\OrderService.API.csproj", "{8B13AEEC-7629-4883-898F-CDD571A55DF7}"
EndProject
Project("{FAE04EC0-301F-11D3-BF4B-00C04F79EFBC}") = "OrderService.Application", "Services\OrderService\OrderService.Application\OrderService.Application.csproj", "{0CA9D074-D38F-4D93-9CA9-F22AB9F4BF29}"
EndProject
Project("{FAE04EC0-301F-11D3-BF4B-00C04F79EFBC}") = "OrderService.Domain", "Services\OrderService\OrderService.Domain\OrderService.Domain.csproj", "{71999C83-3FF1-4DC3-9E15-C15763B3CB67}"
EndProject
Project("{FAE04EC0-301F-11D3-BF4B-00C04F79EFBC}") = "OrderService.Infrastructure", "Services\OrderService\OrderService.Infrastructure\OrderService.Infrastructure.csproj", "{166D300C-8472-4A61-B153-074807BF2B3B}"
EndProject
Project("{2150E333-8FDC-42A3-9474-1A3956D46DE8}") = "InventoryService", "InventoryService", "{5EF2FD29-5662-4212-9C95-88D53DADD526}"
EndProject
Project("{FAE04EC0-301F-11D3-BF4B-00C04F79EFBC}") = "InventoryService.API", "Services\InventoryService\InventoryService.API\InventoryService.API.csproj", "{8A87569D-736D-48ED-9062-E3E85B91235D}"
EndProject
Project("{FAE04EC0-301F-11D3-BF4B-00C04F79EFBC}") = "InventoryService.Domain", "Services\InventoryService\InventoryService.Domain\InventoryService.Domain.csproj", "{FF386F06-D640-47CA-AB96-28ECA83E1F04}"
EndProject
Project("{FAE04EC0-301F-11D3-BF4B-00C04F79EFBC}") = "InventoryService.Infrastructure", "Services\InventoryService\InventoryService.Infrastructure\InventoryService.Infrastructure.csproj", "{8F19E378-EB6C-471F-81F7-701F00C37430}"
EndProject
Project("{FAE04EC0-301F-11D3-BF4B-00C04F79EFBC}") = "InventoryService.Application", "Services\InventoryService\InventoryService.Application\InventoryService.Application.csproj", "{8E328369-D5C6-4A4A-8E77-DA6B7B83D0E2}"
EndProject
Project("{2150E333-8FDC-42A3-9474-1A3956D46DE8}") = "PaymentService", "PaymentService", "{02EA681E-C7D8-13C7-8484-4AC65E1B71E8}"
EndProject
Project("{FAE04EC0-301F-11D3-BF4B-00C04F79EFBC}") = "PaymentService.API", "Services\PaymentService\PaymentService.API\PaymentService.API.csproj", "{05A05796-8857-4BCE-9207-36F462E6FF9E}"
EndProject
Project("{FAE04EC0-301F-11D3-BF4B-00C04F79EFBC}") = "PaymentService.Application", "Services\PaymentService\PaymentService.Application\PaymentService.Application.csproj", "{0504B670-36FB-4A6F-94F4-E26BFFB4CDAD}"
EndProject
Project("{FAE04EC0-301F-11D3-BF4B-00C04F79EFBC}") = "PaymentService.Domain", "Services\PaymentService\PaymentService.Domain\PaymentService.Domain.csproj", "{23A81DEF-D857-4575-BF13-1C2709FBCA93}"
EndProject
Project("{FAE04EC0-301F-11D3-BF4B-00C04F79EFBC}") = "PaymentService.Infrastructure", "Services\PaymentService\PaymentService.Infrastructure\PaymentService.Infrastructure.csproj", "{E06B557F-D234-4037-85A8-2E89B413FF6B}"
EndProject
Project("{2150E333-8FDC-42A3-9474-1A3956D46DE8}") = "Contracts", "Contracts", "{E1B59B03-37A9-4FF7-8697-0D516FADF9C3}"
EndProject
Project("{FAE04EC0-301F-11D3-BF4B-00C04F79EFBC}") = "ECommerce.Contracts", "Contracts\ECommerce.Contracts\ECommerce.Contracts.csproj", "{05C857B3-9596-43D1-8C11-46E55AF8025C}"
EndProject
Global
	GlobalSection(SolutionConfigurationPlatforms) = preSolution
		Debug|Any CPU = Debug|Any CPU
		Debug|x64 = Debug|x64
		Debug|x86 = Debug|x86
		Release|Any CPU = Release|Any CPU
		Release|x64 = Release|x64
		Release|x86 = Release|x86
	EndGlobalSection
	GlobalSection(ProjectConfigurationPlatforms) = postSolution
		{7A831F2C-C63F-481D-8827-9ACBDE7367D7}.Debug|Any CPU.ActiveCfg = Debug|Any CPU
		{7A831F2C-C63F-481D-8827-9ACBDE7367D7}.Debug|Any CPU.Build.0 = Debug|Any CPU
		{7A831F2C-C63F-481D-8827-9ACBDE7367D7}.Debug|x64.ActiveCfg = Debug|Any CPU
		{7A831F2C-C63F-481D-8827-9ACBDE7367D7}.Debug|x64.Build.0 = Debug|Any CPU
		{7A831F2C-C63F-481D-8827-9ACBDE7367D7}.Debug|x86.ActiveCfg = Debug|Any CPU
		{7A831F2C-C63F-481D-8827-9ACBDE7367D7}.Debug|x86.Build.0 = Debug|Any CPU
		{7A831F2C-C63F-481D-8827-9ACBDE7367D7}.Release|Any CPU.ActiveCfg = Release|Any CPU
		{7A831F2C-C63F-481D-8827-9ACBDE7367D7}.Release|Any CPU.Build.0 = Release|Any CPU
		{7A831F2C-C63F-481D-8827-9ACBDE7367D7}.Release|x64.ActiveCfg = Release|Any CPU
		{7A831F2C-C63F-481D-8827-9ACBDE7367D7}.Release|x64.Build.0 = Release|Any CPU
		{7A831F2C-C63F-481D-8827-9ACBDE7367D7}.Release|x86.ActiveCfg = Release|Any CPU
		{7A831F2C-C63F-481D-8827-9ACBDE7367D7}.Release|x86.Build.0 = Release|Any CPU
		{836A2A57-C467-4635-979D-3CA81DD058B6}.Debug|Any CPU.ActiveCfg = Debug|Any CPU
		{836A2A57-C467-4635-979D-3CA81DD058B6}.Debug|Any CPU.Build.0 = Debug|Any CPU
		{836A2A57-C467-4635-979D-3CA81DD058B6}.Debug|x64.ActiveCfg = Debug|Any CPU
		{836A2A57-C467-4635-979D-3CA81DD058B6}.Debug|x64.Build.0 = Debug|Any CPU
		{836A2A57-C467-4635-979D-3CA81DD058B6}.Debug|x86.ActiveCfg = Debug|Any CPU
		{836A2A57-C467-4635-979D-3CA81DD058B6}.Debug|x86.Build.0 = Debug|Any CPU
		{836A2A57-C467-4635-979D-3CA81DD058B6}.Release|Any CPU.ActiveCfg = Release|Any CPU
		{836A2A57-C467-4635-979D-3CA81DD058B6}.Release|Any CPU.Build.0 = Release|Any CPU
		{836A2A57-C467-4635-979D-3CA81DD058B6}.Release|x64.ActiveCfg = Release|Any CPU
		{836A2A57-C467-4635-979D-3CA81DD058B6}.Release|x64.Build.0 = Release|Any CPU
		{836A2A57-C467-4635-979D-3CA81DD058B6}.Release|x86.ActiveCfg = Release|Any CPU
		{836A2A57-C467-4635-979D-3CA81DD058B6}.Release|x86.Build.0 = Release|Any CPU
		{BEC37CA0-195F-44AF-9E8E-9A45C6A33C3D}.Debug|Any CPU.ActiveCfg = Debug|Any CPU
		{BEC37CA0-195F-44AF-9E8E-9A45C6A33C3D}.Debug|Any CPU.Build.0 = Debug|Any CPU
		{BEC37CA0-195F-44AF-9E8E-9A45C6A33C3D}.Debug|x64.ActiveCfg = Debug|Any CPU
		{BEC37CA0-195F-44AF-9E8E-9A45C6A33C3D}.Debug|x64.Build.0 = Debug|Any CPU
		{BEC37CA0-195F-44AF-9E8E-9A45C6A33C3D}.Debug|x86.ActiveCfg = Debug|Any CPU
		{BEC37CA0-195F-44AF-9E8E-9A45C6A33C3D}.Debug|x86.Build.0 = Debug|Any CPU
		{BEC37CA0-195F-44AF-9E8E-9A45C6A33C3D}.Release|Any CPU.ActiveCfg = Release|Any CPU
		{BEC37CA0-195F-44AF-9E8E-9A45C6A33C3D}.Release|Any CPU.Build.0 = Release|Any CPU
		{BEC37CA0-195F-44AF-9E8E-9A45C6A33C3D}.Release|x64.ActiveCfg = Release|Any CPU
		{BEC37CA0-195F-44AF-9E8E-9A45C6A33C3D}.Release|x64.Build.0 = Release|Any CPU
		{BEC37CA0-195F-44AF-9E8E-9A45C6A33C3D}.Release|x86.ActiveCfg = Release|Any CPU
		{BEC37CA0-195F-44AF-9E8E-9A45C6A33C3D}.Release|x86.Build.0 = Release|Any CPU
		{2C29CAAE-E854-4D44-89A7-A00B414C20B3}.Debug|Any CPU.ActiveCfg = Debug|Any CPU
		{2C29CAAE-E854-4D44-89A7-A00B414C20B3}.Debug|Any CPU.Build.0 = Debug|Any CPU
		{2C29CAAE-E854-4D44-89A7-A00B414C20B3}.Debug|x64.ActiveCfg = Debug|Any CPU
		{2C29CAAE-E854-4D44-89A7-A00B414C20B3}.Debug|x64.Build.0 = Debug|Any CPU
		{2C29CAAE-E854-4D44-89A7-A00B414C20B3}.Debug|x86.ActiveCfg = Debug|Any CPU
		{2C29CAAE-E854-4D44-89A7-A00B414C20B3}.Debug|x86.Build.0 = Debug|Any CPU
		{2C29CAAE-E854-4D44-89A7-A00B414C20B3}.Release|Any CPU.ActiveCfg = Release|Any CPU
		{2C29CAAE-E854-4D44-89A7-A00B414C20B3}.Release|Any CPU.Build.0 = Release|Any CPU
		{2C29CAAE-E854-4D44-89A7-A00B414C20B3}.Release|x64.ActiveCfg = Release|Any CPU
		{2C29CAAE-E854-4D44-89A7-A00B414C20B3}.Release|x64.Build.0 = Release|Any CPU
		{2C29CAAE-E854-4D44-89A7-A00B414C20B3}.Release|x86.ActiveCfg = Release|Any CPU
		{2C29CAAE-E854-4D44-89A7-A00B414C20B3}.Release|x86.Build.0 = Release|Any CPU
		{0396AE55-8656-496C-A1AB-00101ED6E1E8}.Debug|Any CPU.ActiveCfg = Debug|Any CPU
		{0396AE55-8656-496C-A1AB-00101ED6E1E8}.Debug|Any CPU.Build.0 = Debug|Any CPU
		{0396AE55-8656-496C-A1AB-00101ED6E1E8}.Debug|x64.ActiveCfg = Debug|Any CPU
		{0396AE55-8656-496C-A1AB-00101ED6E1E8}.Debug|x64.Build.0 = Debug|Any CPU
		{0396AE55-8656-496C-A1AB-00101ED6E1E8}.Debug|x86.ActiveCfg = Debug|Any CPU
		{0396AE55-8656-496C-A1AB-00101ED6E1E8}.Debug|x86.Build.0 = Debug|Any CPU
		{0396AE55-8656-496C-A1AB-00101ED6E1E8}.Release|Any CPU.ActiveCfg = Release|Any CPU
		{0396AE55-8656-496C-A1AB-00101ED6E1E8}.Release|Any CPU.Build.0 = Release|Any CPU
		{0396AE55-8656-496C-A1AB-00101ED6E1E8}.Release|x64.ActiveCfg = Release|Any CPU
		{0396AE55-8656-496C-A1AB-00101ED6E1E8}.Release|x64.Build.0 = Release|Any CPU
		{0396AE55-8656-496C-A1AB-00101ED6E1E8}.Release|x86.ActiveCfg = Release|Any CPU
		{0396AE55-8656-496C-A1AB-00101ED6E1E8}.Release|x86.Build.0 = Release|Any CPU
		{2C7357EA-8B68-4A9E-8F7F-09B02C363459}.Debug|Any CPU.ActiveCfg = Debug|Any CPU
		{2C7357EA-8B68-4A9E-8F7F-09B02C363459}.Debug|Any CPU.Build.0 = Debug|Any CPU
		{2C7357EA-8B68-4A9E-8F7F-09B02C363459}.Debug|x64.ActiveCfg = Debug|Any CPU
		{2C7357EA-8B68-4A9E-8F7F-09B02C363459}.Debug|x64.Build.0 = Debug|Any CPU
		{2C7357EA-8B68-4A9E-8F7F-09B02C363459}.Debug|x86.ActiveCfg = Debug|Any CPU
		{2C7357EA-8B68-4A9E-8F7F-09B02C363459}.Debug|x86.Build.0 = Debug|Any CPU
		{2C7357EA-8B68-4A9E-8F7F-09B02C363459}.Release|Any CPU.ActiveCfg = Release|Any CPU
		{2C7357EA-8B68-4A9E-8F7F-09B02C363459}.Release|Any CPU.Build.0 = Release|Any CPU
		{2C7357EA-8B68-4A9E-8F7F-09B02C363459}.Release|x64.ActiveCfg = Release|Any CPU
		{2C7357EA-8B68-4A9E-8F7F-09B02C363459}.Release|x64.Build.0 = Release|Any CPU
		{2C7357EA-8B68-4A9E-8F7F-09B02C363459}.Release|x86.ActiveCfg = Release|Any CPU
		{2C7357EA-8B68-4A9E-8F7F-09B02C363459}.Release|x86.Build.0 = Release|Any CPU
		{10278878-FA3E-4752-822C-0EFB43A4A9CB}.Debug|Any CPU.ActiveCfg = Debug|Any CPU
		{10278878-FA3E-4752-822C-0EFB43A4A9CB}.Debug|Any CPU.Build.0 = Debug|Any CPU
		{10278878-FA3E-4752-822C-0EFB43A4A9CB}.Debug|x64.ActiveCfg = Debug|Any CPU
		{10278878-FA3E-4752-822C-0EFB43A4A9CB}.Debug|x64.Build.0 = Debug|Any CPU
		{10278878-FA3E-4752-822C-0EFB43A4A9CB}.Debug|x86.ActiveCfg = Debug|Any CPU
		{10278878-FA3E-4752-822C-0EFB43A4A9CB}.Debug|x86.Build.0 = Debug|Any CPU
		{10278878-FA3E-4752-822C-0EFB43A4A9CB}.Release|Any CPU.ActiveCfg = Release|Any CPU
		{10278878-FA3E-4752-822C-0EFB43A4A9CB}.Release|Any CPU.Build.0 = Release|Any CPU
		{10278878-FA3E-4752-822C-0EFB43A4A9CB}.Release|x64.ActiveCfg = Release|Any CPU
		{10278878-FA3E-4752-822C-0EFB43A4A9CB}.Release|x64.Build.0 = Release|Any CPU
		{10278878-FA3E-4752-822C-0EFB43A4A9CB}.Release|x86.ActiveCfg = Release|Any CPU
		{10278878-FA3E-4752-822C-0EFB43A4A9CB}.Release|x86.Build.0 = Release|Any CPU
		{237C49EB-7733-422C-AABD-BC862B057CD0}.Debug|Any CPU.ActiveCfg = Debug|Any CPU
		{237C49EB-7733-422C-AABD-BC862B057CD0}.Debug|Any CPU.Build.0 = Debug|Any CPU
		{237C49EB-7733-422C-AABD-BC862B057CD0}.Debug|x64.ActiveCfg = Debug|Any CPU
		{237C49EB-7733-422C-AABD-BC862B057CD0}.Debug|x64.Build.0 = Debug|Any CPU
		{237C49EB-7733-422C-AABD-BC862B057CD0}.Debug|x86.ActiveCfg = Debug|Any CPU
		{237C49EB-7733-422C-AABD-BC862B057CD0}.Debug|x86.Build.0 = Debug|Any CPU
		{237C49EB-7733-422C-AABD-BC862B057CD0}.Release|Any CPU.ActiveCfg = Release|Any CPU
		{237C49EB-7733-422C-AABD-BC862B057CD0}.Release|Any CPU.Build.0 = Release|Any CPU
		{237C49EB-7733-422C-AABD-BC862B057CD0}.Release|x64.ActiveCfg = Release|Any CPU
		{237C49EB-7733-422C-AABD-BC862B057CD0}.Release|x64.Build.0 = Release|Any CPU
		{237C49EB-7733-422C-AABD-BC862B057CD0}.Release|x86.ActiveCfg = Release|Any CPU
		{237C49EB-7733-422C-AABD-BC862B057CD0}.Release|x86.Build.0 = Release|Any CPU
		{DBDAAF22-13E2-4936-B35C-8530E065CC28}.Debug|Any CPU.ActiveCfg = Debug|Any CPU
		{DBDAAF22-13E2-4936-B35C-8530E065CC28}.Debug|Any CPU.Build.0 = Debug|Any CPU
		{DBDAAF22-13E2-4936-B35C-8530E065CC28}.Debug|x64.ActiveCfg = Debug|Any CPU
		{DBDAAF22-13E2-4936-B35C-8530E065CC28}.Debug|x64.Build.0 = Debug|Any CPU
		{DBDAAF22-13E2-4936-B35C-8530E065CC28}.Debug|x86.ActiveCfg = Debug|Any CPU
		{DBDAAF22-13E2-4936-B35C-8530E065CC28}.Debug|x86.Build.0 = Debug|Any CPU
		{DBDAAF22-13E2-4936-B35C-8530E065CC28}.Release|Any CPU.ActiveCfg = Release|Any CPU
		{DBDAAF22-13E2-4936-B35C-8530E065CC28}.Release|Any CPU.Build.0 = Release|Any CPU
		{DBDAAF22-13E2-4936-B35C-8530E065CC28}.Release|x64.ActiveCfg = Release|Any CPU
		{DBDAAF22-13E2-4936-B35C-8530E065CC28}.Release|x64.Build.0 = Release|Any CPU
		{DBDAAF22-13E2-4936-B35C-8530E065CC28}.Release|x86.ActiveCfg = Release|Any CPU
		{DBDAAF22-13E2-4936-B35C-8530E065CC28}.Release|x86.Build.0 = Release|Any CPU
		{D3FC6D69-04F6-4035-B49C-57A34A97B3EE}.Debug|Any CPU.ActiveCfg = Debug|Any CPU
		{D3FC6D69-04F6-4035-B49C-57A34A97B3EE}.Debug|Any CPU.Build.0 = Debug|Any CPU
		{D3FC6D69-04F6-4035-B49C-57A34A97B3EE}.Debug|x64.ActiveCfg = Debug|Any CPU
		{D3FC6D69-04F6-4035-B49C-57A34A97B3EE}.Debug|x64.Build.0 = Debug|Any CPU
		{D3FC6D69-04F6-4035-B49C-57A34A97B3EE}.Debug|x86.ActiveCfg = Debug|Any CPU
		{D3FC6D69-04F6-4035-B49C-57A34A97B3EE}.Debug|x86.Build.0 = Debug|Any CPU
		{D3FC6D69-04F6-4035-B49C-57A34A97B3EE}.Release|Any CPU.ActiveCfg = Release|Any CPU
		{D3FC6D69-04F6-4035-B49C-57A34A97B3EE}.Release|Any CPU.Build.0 = Release|Any CPU
		{D3FC6D69-04F6-4035-B49C-57A34A97B3EE}.Release|x64.ActiveCfg = Release|Any CPU
		{D3FC6D69-04F6-4035-B49C-57A34A97B3EE}.Release|x64.Build.0 = Release|Any CPU
		{D3FC6D69-04F6-4035-B49C-57A34A97B3EE}.Release|x86.ActiveCfg = Release|Any CPU
		{D3FC6D69-04F6-4035-B49C-57A34A97B3EE}.Release|x86.Build.0 = Release|Any CPU
		{301B550C-DB27-4AAC-A27B-50779E54F48B}.Debug|Any CPU.ActiveCfg = Debug|Any CPU
		{301B550C-DB27-4AAC-A27B-50779E54F48B}.Debug|Any CPU.Build.0 = Debug|Any CPU
		{301B550C-DB27-4AAC-A27B-50779E54F48B}.Debug|x64.ActiveCfg = Debug|Any CPU
		{301B550C-DB27-4AAC-A27B-50779E54F48B}.Debug|x64.Build.0 = Debug|Any CPU
		{301B550C-DB27-4AAC-A27B-50779E54F48B}.Debug|x86.ActiveCfg = Debug|Any CPU
		{301B550C-DB27-4AAC-A27B-50779E54F48B}.Debug|x86.Build.0 = Debug|Any CPU
		{301B550C-DB27-4AAC-A27B-50779E54F48B}.Release|Any CPU.ActiveCfg = Release|Any CPU
		{301B550C-DB27-4AAC-A27B-50779E54F48B}.Release|Any CPU.Build.0 = Release|Any CPU
		{301B550C-DB27-4AAC-A27B-50779E54F48B}.Release|x64.ActiveCfg = Release|Any CPU
		{301B550C-DB27-4AAC-A27B-50779E54F48B}.Release|x64.Build.0 = Release|Any CPU
		{301B550C-DB27-4AAC-A27B-50779E54F48B}.Release|x86.ActiveCfg = Release|Any CPU
		{301B550C-DB27-4AAC-A27B-50779E54F48B}.Release|x86.Build.0 = Release|Any CPU
		{767A04A4-8FC1-4984-ADAC-BEBB0469C56B}.Debug|Any CPU.ActiveCfg = Debug|Any CPU
		{767A04A4-8FC1-4984-ADAC-BEBB0469C56B}.Debug|Any CPU.Build.0 = Debug|Any CPU
		{767A04A4-8FC1-4984-ADAC-BEBB0469C56B}.Debug|x64.ActiveCfg = Debug|Any CPU
		{767A04A4-8FC1-4984-ADAC-BEBB0469C56B}.Debug|x64.Build.0 = Debug|Any CPU
		{767A04A4-8FC1-4984-ADAC-BEBB0469C56B}.Debug|x86.ActiveCfg = Debug|Any CPU
		{767A04A4-8FC1-4984-ADAC-BEBB0469C56B}.Debug|x86.Build.0 = Debug|Any CPU
		{767A04A4-8FC1-4984-ADAC-BEBB0469C56B}.Release|Any CPU.ActiveCfg = Release|Any CPU
		{767A04A4-8FC1-4984-ADAC-BEBB0469C56B}.Release|Any CPU.Build.0 = Release|Any CPU
		{767A04A4-8FC1-4984-ADAC-BEBB0469C56B}.Release|x64.ActiveCfg = Release|Any CPU
		{767A04A4-8FC1-4984-ADAC-BEBB0469C56B}.Release|x64.Build.0 = Release|Any CPU
		{767A04A4-8FC1-4984-ADAC-BEBB0469C56B}.Release|x86.ActiveCfg = Release|Any CPU
		{767A04A4-8FC1-4984-ADAC-BEBB0469C56B}.Release|x86.Build.0 = Release|Any CPU
		{5144D65E-5CE9-49A4-BD2E-B312AF271687}.Debug|Any CPU.ActiveCfg = Debug|Any CPU
		{5144D65E-5CE9-49A4-BD2E-B312AF271687}.Debug|Any CPU.Build.0 = Debug|Any CPU
		{5144D65E-5CE9-49A4-BD2E-B312AF271687}.Debug|x64.ActiveCfg = Debug|Any CPU
		{5144D65E-5CE9-49A4-BD2E-B312AF271687}.Debug|x64.Build.0 = Debug|Any CPU
		{5144D65E-5CE9-49A4-BD2E-B312AF271687}.Debug|x86.ActiveCfg = Debug|Any CPU
		{5144D65E-5CE9-49A4-BD2E-B312AF271687}.Debug|x86.Build.0 = Debug|Any CPU
		{5144D65E-5CE9-49A4-BD2E-B312AF271687}.Release|Any CPU.ActiveCfg = Release|Any CPU
		{5144D65E-5CE9-49A4-BD2E-B312AF271687}.Release|Any CPU.Build.0 = Release|Any CPU
		{5144D65E-5CE9-49A4-BD2E-B312AF271687}.Release|x64.ActiveCfg = Release|Any CPU
		{5144D65E-5CE9-49A4-BD2E-B312AF271687}.Release|x64.Build.0 = Release|Any CPU
		{5144D65E-5CE9-49A4-BD2E-B312AF271687}.Release|x86.ActiveCfg = Release|Any CPU
		{5144D65E-5CE9-49A4-BD2E-B312AF271687}.Release|x86.Build.0 = Release|Any CPU
		{45451135-C8A3-427E-B645-D966519DABBF}.Debug|Any CPU.ActiveCfg = Debug|Any CPU
		{45451135-C8A3-427E-B645-D966519DABBF}.Debug|Any CPU.Build.0 = Debug|Any CPU
		{45451135-C8A3-427E-B645-D966519DABBF}.Debug|x64.ActiveCfg = Debug|Any CPU
		{45451135-C8A3-427E-B645-D966519DABBF}.Debug|x64.Build.0 = Debug|Any CPU
		{45451135-C8A3-427E-B645-D966519DABBF}.Debug|x86.ActiveCfg = Debug|Any CPU
		{45451135-C8A3-427E-B645-D966519DABBF}.Debug|x86.Build.0 = Debug|Any CPU
		{45451135-C8A3-427E-B645-D966519DABBF}.Release|Any CPU.ActiveCfg = Release|Any CPU
		{45451135-C8A3-427E-B645-D966519DABBF}.Release|Any CPU.Build.0 = Release|Any CPU
		{45451135-C8A3-427E-B645-D966519DABBF}.Release|x64.ActiveCfg = Release|Any CPU
		{45451135-C8A3-427E-B645-D966519DABBF}.Release|x64.Build.0 = Release|Any CPU
		{45451135-C8A3-427E-B645-D966519DABBF}.Release|x86.ActiveCfg = Release|Any CPU
		{45451135-C8A3-427E-B645-D966519DABBF}.Release|x86.Build.0 = Release|Any CPU
		{8B13AEEC-7629-4883-898F-CDD571A55DF7}.Debug|Any CPU.ActiveCfg = Debug|Any CPU
		{8B13AEEC-7629-4883-898F-CDD571A55DF7}.Debug|Any CPU.Build.0 = Debug|Any CPU
		{8B13AEEC-7629-4883-898F-CDD571A55DF7}.Debug|x64.ActiveCfg = Debug|Any CPU
		{8B13AEEC-7629-4883-898F-CDD571A55DF7}.Debug|x64.Build.0 = Debug|Any CPU
		{8B13AEEC-7629-4883-898F-CDD571A55DF7}.Debug|x86.ActiveCfg = Debug|Any CPU
		{8B13AEEC-7629-4883-898F-CDD571A55DF7}.Debug|x86.Build.0 = Debug|Any CPU
		{8B13AEEC-7629-4883-898F-CDD571A55DF7}.Release|Any CPU.ActiveCfg = Release|Any CPU
		{8B13AEEC-7629-4883-898F-CDD571A55DF7}.Release|Any CPU.Build.0 = Release|Any CPU
		{8B13AEEC-7629-4883-898F-CDD571A55DF7}.Release|x64.ActiveCfg = Release|Any CPU
		{8B13AEEC-7629-4883-898F-CDD571A55DF7}.Release|x64.Build.0 = Release|Any CPU
		{8B13AEEC-7629-4883-898F-CDD571A55DF7}.Release|x86.ActiveCfg = Release|Any CPU
		{8B13AEEC-7629-4883-898F-CDD571A55DF7}.Release|x86.Build.0 = Release|Any CPU
		{0CA9D074-D38F-4D93-9CA9-F22AB9F4BF29}.Debug|Any CPU.ActiveCfg = Debug|Any CPU
		{0CA9D074-D38F-4D93-9CA9-F22AB9F4BF29}.Debug|Any CPU.Build.0 = Debug|Any CPU
		{0CA9D074-D38F-4D93-9CA9-F22AB9F4BF29}.Debug|x64.ActiveCfg = Debug|Any CPU
		{0CA9D074-D38F-4D93-9CA9-F22AB9F4BF29}.Debug|x64.Build.0 = Debug|Any CPU
		{0CA9D074-D38F-4D93-9CA9-F22AB9F4BF29}.Debug|x86.ActiveCfg = Debug|Any CPU
		{0CA9D074-D38F-4D93-9CA9-F22AB9F4BF29}.Debug|x86.Build.0 = Debug|Any CPU
		{0CA9D074-D38F-4D93-9CA9-F22AB9F4BF29}.Release|Any CPU.ActiveCfg = Release|Any CPU
		{0CA9D074-D38F-4D93-9CA9-F22AB9F4BF29}.Release|Any CPU.Build.0 = Release|Any CPU
		{0CA9D074-D38F-4D93-9CA9-F22AB9F4BF29}.Release|x64.ActiveCfg = Release|Any CPU
		{0CA9D074-D38F-4D93-9CA9-F22AB9F4BF29}.Release|x64.Build.0 = Release|Any CPU
		{0CA9D074-D38F-4D93-9CA9-F22AB9F4BF29}.Release|x86.ActiveCfg = Release|Any CPU
		{0CA9D074-D38F-4D93-9CA9-F22AB9F4BF29}.Release|x86.Build.0 = Release|Any CPU
		{71999C83-3FF1-4DC3-9E15-C15763B3CB67}.Debug|Any CPU.ActiveCfg = Debug|Any CPU
		{71999C83-3FF1-4DC3-9E15-C15763B3CB67}.Debug|Any CPU.Build.0 = Debug|Any CPU
		{71999C83-3FF1-4DC3-9E15-C15763B3CB67}.Debug|x64.ActiveCfg = Debug|Any CPU
		{71999C83-3FF1-4DC3-9E15-C15763B3CB67}.Debug|x64.Build.0 = Debug|Any CPU
		{71999C83-3FF1-4DC3-9E15-C15763B3CB67}.Debug|x86.ActiveCfg = Debug|Any CPU
		{71999C83-3FF1-4DC3-9E15-C15763B3CB67}.Debug|x86.Build.0 = Debug|Any CPU
		{71999C83-3FF1-4DC3-9E15-C15763B3CB67}.Release|Any CPU.ActiveCfg = Release|Any CPU
		{71999C83-3FF1-4DC3-9E15-C15763B3CB67}.Release|Any CPU.Build.0 = Release|Any CPU
		{71999C83-3FF1-4DC3-9E15-C15763B3CB67}.Release|x64.ActiveCfg = Release|Any CPU
		{71999C83-3FF1-4DC3-9E15-C15763B3CB67}.Release|x64.Build.0 = Release|Any CPU
		{71999C83-3FF1-4DC3-9E15-C15763B3CB67}.Release|x86.ActiveCfg = Release|Any CPU
		{71999C83-3FF1-4DC3-9E15-C15763B3CB67}.Release|x86.Build.0 = Release|Any CPU
		{166D300C-8472-4A61-B153-074807BF2B3B}.Debug|Any CPU.ActiveCfg = Debug|Any CPU
		{166D300C-8472-4A61-B153-074807BF2B3B}.Debug|Any CPU.Build.0 = Debug|Any CPU
		{166D300C-8472-4A61-B153-074807BF2B3B}.Debug|x64.ActiveCfg = Debug|Any CPU
		{166D300C-8472-4A61-B153-074807BF2B3B}.Debug|x64.Build.0 = Debug|Any CPU
		{166D300C-8472-4A61-B153-074807BF2B3B}.Debug|x86.ActiveCfg = Debug|Any CPU
		{166D300C-8472-4A61-B153-074807BF2B3B}.Debug|x86.Build.0 = Debug|Any CPU
		{166D300C-8472-4A61-B153-074807BF2B3B}.Release|Any CPU.ActiveCfg = Release|Any CPU
		{166D300C-8472-4A61-B153-074807BF2B3B}.Release|Any CPU.Build.0 = Release|Any CPU
		{166D300C-8472-4A61-B153-074807BF2B3B}.Release|x64.ActiveCfg = Release|Any CPU
		{166D300C-8472-4A61-B153-074807BF2B3B}.Release|x64.Build.0 = Release|Any CPU
		{166D300C-8472-4A61-B153-074807BF2B3B}.Release|x86.ActiveCfg = Release|Any CPU
		{166D300C-8472-4A61-B153-074807BF2B3B}.Release|x86.Build.0 = Release|Any CPU
		{8A87569D-736D-48ED-9062-E3E85B91235D}.Debug|Any CPU.ActiveCfg = Debug|Any CPU
		{8A87569D-736D-48ED-9062-E3E85B91235D}.Debug|Any CPU.Build.0 = Debug|Any CPU
		{8A87569D-736D-48ED-9062-E3E85B91235D}.Debug|x64.ActiveCfg = Debug|Any CPU
		{8A87569D-736D-48ED-9062-E3E85B91235D}.Debug|x64.Build.0 = Debug|Any CPU
		{8A87569D-736D-48ED-9062-E3E85B91235D}.Debug|x86.ActiveCfg = Debug|Any CPU
		{8A87569D-736D-48ED-9062-E3E85B91235D}.Debug|x86.Build.0 = Debug|Any CPU
		{8A87569D-736D-48ED-9062-E3E85B91235D}.Release|Any CPU.ActiveCfg = Release|Any CPU
		{8A87569D-736D-48ED-9062-E3E85B91235D}.Release|Any CPU.Build.0 = Release|Any CPU
		{8A87569D-736D-48ED-9062-E3E85B91235D}.Release|x64.ActiveCfg = Release|Any CPU
		{8A87569D-736D-48ED-9062-E3E85B91235D}.Release|x64.Build.0 = Release|Any CPU
		{8A87569D-736D-48ED-9062-E3E85B91235D}.Release|x86.ActiveCfg = Release|Any CPU
		{8A87569D-736D-48ED-9062-E3E85B91235D}.Release|x86.Build.0 = Release|Any CPU
		{FF386F06-D640-47CA-AB96-28ECA83E1F04}.Debug|Any CPU.ActiveCfg = Debug|Any CPU
		{FF386F06-D640-47CA-AB96-28ECA83E1F04}.Debug|Any CPU.Build.0 = Debug|Any CPU
		{FF386F06-D640-47CA-AB96-28ECA83E1F04}.Debug|x64.ActiveCfg = Debug|Any CPU
		{FF386F06-D640-47CA-AB96-28ECA83E1F04}.Debug|x64.Build.0 = Debug|Any CPU
		{FF386F06-D640-47CA-AB96-28ECA83E1F04}.Debug|x86.ActiveCfg = Debug|Any CPU
		{FF386F06-D640-47CA-AB96-28ECA83E1F04}.Debug|x86.Build.0 = Debug|Any CPU
		{FF386F06-D640-47CA-AB96-28ECA83E1F04}.Release|Any CPU.ActiveCfg = Release|Any CPU
		{FF386F06-D640-47CA-AB96-28ECA83E1F04}.Release|Any CPU.Build.0 = Release|Any CPU
		{FF386F06-D640-47CA-AB96-28ECA83E1F04}.Release|x64.ActiveCfg = Release|Any CPU
		{FF386F06-D640-47CA-AB96-28ECA83E1F04}.Release|x64.Build.0 = Release|Any CPU
		{FF386F06-D640-47CA-AB96-28ECA83E1F04}.Release|x86.ActiveCfg = Release|Any CPU
		{FF386F06-D640-47CA-AB96-28ECA83E1F04}.Release|x86.Build.0 = Release|Any CPU
		{8F19E378-EB6C-471F-81F7-701F00C37430}.Debug|Any CPU.ActiveCfg = Debug|Any CPU
		{8F19E378-EB6C-471F-81F7-701F00C37430}.Debug|Any CPU.Build.0 = Debug|Any CPU
		{8F19E378-EB6C-471F-81F7-701F00C37430}.Debug|x64.ActiveCfg = Debug|Any CPU
		{8F19E378-EB6C-471F-81F7-701F00C37430}.Debug|x64.Build.0 = Debug|Any CPU
		{8F19E378-EB6C-471F-81F7-701F00C37430}.Debug|x86.ActiveCfg = Debug|Any CPU
		{8F19E378-EB6C-471F-81F7-701F00C37430}.Debug|x86.Build.0 = Debug|Any CPU
		{8F19E378-EB6C-471F-81F7-701F00C37430}.Release|Any CPU.ActiveCfg = Release|Any CPU
		{8F19E378-EB6C-471F-81F7-701F00C37430}.Release|Any CPU.Build.0 = Release|Any CPU
		{8F19E378-EB6C-471F-81F7-701F00C37430}.Release|x64.ActiveCfg = Release|Any CPU
		{8F19E378-EB6C-471F-81F7-701F00C37430}.Release|x64.Build.0 = Release|Any CPU
		{8F19E378-EB6C-471F-81F7-701F00C37430}.Release|x86.ActiveCfg = Release|Any CPU
		{8F19E378-EB6C-471F-81F7-701F00C37430}.Release|x86.Build.0 = Release|Any CPU
		{8E328369-D5C6-4A4A-8E77-DA6B7B83D0E2}.Debug|Any CPU.ActiveCfg = Debug|Any CPU
		{8E328369-D5C6-4A4A-8E77-DA6B7B83D0E2}.Debug|Any CPU.Build.0 = Debug|Any CPU
		{8E328369-D5C6-4A4A-8E77-DA6B7B83D0E2}.Debug|x64.ActiveCfg = Debug|Any CPU
		{8E328369-D5C6-4A4A-8E77-DA6B7B83D0E2}.Debug|x64.Build.0 = Debug|Any CPU
		{8E328369-D5C6-4A4A-8E77-DA6B7B83D0E2}.Debug|x86.ActiveCfg = Debug|Any CPU
		{8E328369-D5C6-4A4A-8E77-DA6B7B83D0E2}.Debug|x86.Build.0 = Debug|Any CPU
		{8E328369-D5C6-4A4A-8E77-DA6B7B83D0E2}.Release|Any CPU.ActiveCfg = Release|Any CPU
		{8E328369-D5C6-4A4A-8E77-DA6B7B83D0E2}.Release|Any CPU.Build.0 = Release|Any CPU
		{8E328369-D5C6-4A4A-8E77-DA6B7B83D0E2}.Release|x64.ActiveCfg = Release|Any CPU
		{8E328369-D5C6-4A4A-8E77-DA6B7B83D0E2}.Release|x64.Build.0 = Release|Any CPU
		{8E328369-D5C6-4A4A-8E77-DA6B7B83D0E2}.Release|x86.ActiveCfg = Release|Any CPU
		{8E328369-D5C6-4A4A-8E77-DA6B7B83D0E2}.Release|x86.Build.0 = Release|Any CPU
		{05A05796-8857-4BCE-9207-36F462E6FF9E}.Debug|Any CPU.ActiveCfg = Debug|Any CPU
		{05A05796-8857-4BCE-9207-36F462E6FF9E}.Debug|Any CPU.Build.0 = Debug|Any CPU
		{05A05796-8857-4BCE-9207-36F462E6FF9E}.Debug|x64.ActiveCfg = Debug|Any CPU
		{05A05796-8857-4BCE-9207-36F462E6FF9E}.Debug|x64.Build.0 = Debug|Any CPU
		{05A05796-8857-4BCE-9207-36F462E6FF9E}.Debug|x86.ActiveCfg = Debug|Any CPU
		{05A05796-8857-4BCE-9207-36F462E6FF9E}.Debug|x86.Build.0 = Debug|Any CPU
		{05A05796-8857-4BCE-9207-36F462E6FF9E}.Release|Any CPU.ActiveCfg = Release|Any CPU
		{05A05796-8857-4BCE-9207-36F462E6FF9E}.Release|Any CPU.Build.0 = Release|Any CPU
		{05A05796-8857-4BCE-9207-36F462E6FF9E}.Release|x64.ActiveCfg = Release|Any CPU
		{05A05796-8857-4BCE-9207-36F462E6FF9E}.Release|x64.Build.0 = Release|Any CPU
		{05A05796-8857-4BCE-9207-36F462E6FF9E}.Release|x86.ActiveCfg = Release|Any CPU
		{05A05796-8857-4BCE-9207-36F462E6FF9E}.Release|x86.Build.0 = Release|Any CPU
		{0504B670-36FB-4A6F-94F4-E26BFFB4CDAD}.Debug|Any CPU.ActiveCfg = Debug|Any CPU
		{0504B670-36FB-4A6F-94F4-E26BFFB4CDAD}.Debug|Any CPU.Build.0 = Debug|Any CPU
		{0504B670-36FB-4A6F-94F4-E26BFFB4CDAD}.Debug|x64.ActiveCfg = Debug|Any CPU
		{0504B670-36FB-4A6F-94F4-E26BFFB4CDAD}.Debug|x64.Build.0 = Debug|Any CPU
		{0504B670-36FB-4A6F-94F4-E26BFFB4CDAD}.Debug|x86.ActiveCfg = Debug|Any CPU
		{0504B670-36FB-4A6F-94F4-E26BFFB4CDAD}.Debug|x86.Build.0 = Debug|Any CPU
		{0504B670-36FB-4A6F-94F4-E26BFFB4CDAD}.Release|Any CPU.ActiveCfg = Release|Any CPU
		{0504B670-36FB-4A6F-94F4-E26BFFB4CDAD}.Release|Any CPU.Build.0 = Release|Any CPU
		{0504B670-36FB-4A6F-94F4-E26BFFB4CDAD}.Release|x64.ActiveCfg = Release|Any CPU
		{0504B670-36FB-4A6F-94F4-E26BFFB4CDAD}.Release|x64.Build.0 = Release|Any CPU
		{0504B670-36FB-4A6F-94F4-E26BFFB4CDAD}.Release|x86.ActiveCfg = Release|Any CPU
		{0504B670-36FB-4A6F-94F4-E26BFFB4CDAD}.Release|x86.Build.0 = Release|Any CPU
		{23A81DEF-D857-4575-BF13-1C2709FBCA93}.Debug|Any CPU.ActiveCfg = Debug|Any CPU
		{23A81DEF-D857-4575-BF13-1C2709FBCA93}.Debug|Any CPU.Build.0 = Debug|Any CPU
		{23A81DEF-D857-4575-BF13-1C2709FBCA93}.Debug|x64.ActiveCfg = Debug|Any CPU
		{23A81DEF-D857-4575-BF13-1C2709FBCA93}.Debug|x64.Build.0 = Debug|Any CPU
		{23A81DEF-D857-4575-BF13-1C2709FBCA93}.Debug|x86.ActiveCfg = Debug|Any CPU
		{23A81DEF-D857-4575-BF13-1C2709FBCA93}.Debug|x86.Build.0 = Debug|Any CPU
		{23A81DEF-D857-4575-BF13-1C2709FBCA93}.Release|Any CPU.ActiveCfg = Release|Any CPU
		{23A81DEF-D857-4575-BF13-1C2709FBCA93}.Release|Any CPU.Build.0 = Release|Any CPU
		{23A81DEF-D857-4575-BF13-1C2709FBCA93}.Release|x64.ActiveCfg = Release|Any CPU
		{23A81DEF-D857-4575-BF13-1C2709FBCA93}.Release|x64.Build.0 = Release|Any CPU
		{23A81DEF-D857-4575-BF13-1C2709FBCA93}.Release|x86.ActiveCfg = Release|Any CPU
		{23A81DEF-D857-4575-BF13-1C2709FBCA93}.Release|x86.Build.0 = Release|Any CPU
		{E06B557F-D234-4037-85A8-2E89B413FF6B}.Debug|Any CPU.ActiveCfg = Debug|Any CPU
		{E06B557F-D234-4037-85A8-2E89B413FF6B}.Debug|Any CPU.Build.0 = Debug|Any CPU
		{E06B557F-D234-4037-85A8-2E89B413FF6B}.Debug|x64.ActiveCfg = Debug|Any CPU
		{E06B557F-D234-4037-85A8-2E89B413FF6B}.Debug|x64.Build.0 = Debug|Any CPU
		{E06B557F-D234-4037-85A8-2E89B413FF6B}.Debug|x86.ActiveCfg = Debug|Any CPU
		{E06B557F-D234-4037-85A8-2E89B413FF6B}.Debug|x86.Build.0 = Debug|Any CPU
		{E06B557F-D234-4037-85A8-2E89B413FF6B}.Release|Any CPU.ActiveCfg = Release|Any CPU
		{E06B557F-D234-4037-85A8-2E89B413FF6B}.Release|Any CPU.Build.0 = Release|Any CPU
		{E06B557F-D234-4037-85A8-2E89B413FF6B}.Release|x64.ActiveCfg = Release|Any CPU
		{E06B557F-D234-4037-85A8-2E89B413FF6B}.Release|x64.Build.0 = Release|Any CPU
		{E06B557F-D234-4037-85A8-2E89B413FF6B}.Release|x86.ActiveCfg = Release|Any CPU
		{E06B557F-D234-4037-85A8-2E89B413FF6B}.Release|x86.Build.0 = Release|Any CPU
		{05C857B3-9596-43D1-8C11-46E55AF8025C}.Debug|Any CPU.ActiveCfg = Debug|Any CPU
		{05C857B3-9596-43D1-8C11-46E55AF8025C}.Debug|Any CPU.Build.0 = Debug|Any CPU
		{05C857B3-9596-43D1-8C11-46E55AF8025C}.Debug|x64.ActiveCfg = Debug|Any CPU
		{05C857B3-9596-43D1-8C11-46E55AF8025C}.Debug|x64.Build.0 = Debug|Any CPU
		{05C857B3-9596-43D1-8C11-46E55AF8025C}.Debug|x86.ActiveCfg = Debug|Any CPU
		{05C857B3-9596-43D1-8C11-46E55AF8025C}.Debug|x86.Build.0 = Debug|Any CPU
		{05C857B3-9596-43D1-8C11-46E55AF8025C}.Release|Any CPU.ActiveCfg = Release|Any CPU
		{05C857B3-9596-43D1-8C11-46E55AF8025C}.Release|Any CPU.Build.0 = Release|Any CPU
		{05C857B3-9596-43D1-8C11-46E55AF8025C}.Release|x64.ActiveCfg = Release|Any CPU
		{05C857B3-9596-43D1-8C11-46E55AF8025C}.Release|x64.Build.0 = Release|Any CPU
		{05C857B3-9596-43D1-8C11-46E55AF8025C}.Release|x86.ActiveCfg = Release|Any CPU
		{05C857B3-9596-43D1-8C11-46E55AF8025C}.Release|x86.Build.0 = Release|Any CPU
	EndGlobalSection
	GlobalSection(SolutionProperties) = preSolution
		HideSolutionNode = FALSE
	EndGlobalSection
	GlobalSection(NestedProjects) = preSolution
		{1C57C2D2-1246-804C-0890-EC7B6BEC053B} = {5854FF58-B8C5-05C6-5BF2-ACE42193F22B}
		{7A831F2C-C63F-481D-8827-9ACBDE7367D7} = {1C57C2D2-1246-804C-0890-EC7B6BEC053B}
		{836A2A57-C467-4635-979D-3CA81DD058B6} = {1C57C2D2-1246-804C-0890-EC7B6BEC053B}
		{BEC37CA0-195F-44AF-9E8E-9A45C6A33C3D} = {1C57C2D2-1246-804C-0890-EC7B6BEC053B}
		{2C29CAAE-E854-4D44-89A7-A00B414C20B3} = {1C57C2D2-1246-804C-0890-EC7B6BEC053B}
		{0396AE55-8656-496C-A1AB-00101ED6E1E8} = {1C57C2D2-1246-804C-0890-EC7B6BEC053B}
		{2B5AA97F-3934-F7AB-A6E2-CA58291B95A8} = {5854FF58-B8C5-05C6-5BF2-ACE42193F22B}
		{2C7357EA-8B68-4A9E-8F7F-09B02C363459} = {2B5AA97F-3934-F7AB-A6E2-CA58291B95A8}
		{10278878-FA3E-4752-822C-0EFB43A4A9CB} = {2B5AA97F-3934-F7AB-A6E2-CA58291B95A8}
		{237C49EB-7733-422C-AABD-BC862B057CD0} = {2B5AA97F-3934-F7AB-A6E2-CA58291B95A8}
		{DBDAAF22-13E2-4936-B35C-8530E065CC28} = {2B5AA97F-3934-F7AB-A6E2-CA58291B95A8}
		{378295AF-C144-6721-7CFF-8DE6E58ED8C7} = {5854FF58-B8C5-05C6-5BF2-ACE42193F22B}
		{D3FC6D69-04F6-4035-B49C-57A34A97B3EE} = {378295AF-C144-6721-7CFF-8DE6E58ED8C7}
		{301B550C-DB27-4AAC-A27B-50779E54F48B} = {378295AF-C144-6721-7CFF-8DE6E58ED8C7}
		{767A04A4-8FC1-4984-ADAC-BEBB0469C56B} = {378295AF-C144-6721-7CFF-8DE6E58ED8C7}
		{5144D65E-5CE9-49A4-BD2E-B312AF271687} = {378295AF-C144-6721-7CFF-8DE6E58ED8C7}
		{2141A215-AC49-07B8-5C97-F1F960E8B242} = {E7BDDBC6-9FD1-D1D7-ACD8-2C4F8E3D2461}
		{45451135-C8A3-427E-B645-D966519DABBF} = {2141A215-AC49-07B8-5C97-F1F960E8B242}
		{844513FA-26BB-44B3-8BA2-28FDF7A3C3E8} = {5854FF58-B8C5-05C6-5BF2-ACE42193F22B}
		{8B13AEEC-7629-4883-898F-CDD571A55DF7} = {844513FA-26BB-44B3-8BA2-28FDF7A3C3E8}
		{0CA9D074-D38F-4D93-9CA9-F22AB9F4BF29} = {844513FA-26BB-44B3-8BA2-28FDF7A3C3E8}
		{71999C83-3FF1-4DC3-9E15-C15763B3CB67} = {844513FA-26BB-44B3-8BA2-28FDF7A3C3E8}
		{166D300C-8472-4A61-B153-074807BF2B3B} = {844513FA-26BB-44B3-8BA2-28FDF7A3C3E8}
		{5EF2FD29-5662-4212-9C95-88D53DADD526} = {5854FF58-B8C5-05C6-5BF2-ACE42193F22B}
		{8A87569D-736D-48ED-9062-E3E85B91235D} = {5EF2FD29-5662-4212-9C95-88D53DADD526}
		{FF386F06-D640-47CA-AB96-28ECA83E1F04} = {5EF2FD29-5662-4212-9C95-88D53DADD526}
		{8F19E378-EB6C-471F-81F7-701F00C37430} = {5EF2FD29-5662-4212-9C95-88D53DADD526}
		{8E328369-D5C6-4A4A-8E77-DA6B7B83D0E2} = {5EF2FD29-5662-4212-9C95-88D53DADD526}
		{02EA681E-C7D8-13C7-8484-4AC65E1B71E8} = {5854FF58-B8C5-05C6-5BF2-ACE42193F22B}
		{05A05796-8857-4BCE-9207-36F462E6FF9E} = {02EA681E-C7D8-13C7-8484-4AC65E1B71E8}
		{0504B670-36FB-4A6F-94F4-E26BFFB4CDAD} = {02EA681E-C7D8-13C7-8484-4AC65E1B71E8}
		{23A81DEF-D857-4575-BF13-1C2709FBCA93} = {02EA681E-C7D8-13C7-8484-4AC65E1B71E8}
		{E06B557F-D234-4037-85A8-2E89B413FF6B} = {02EA681E-C7D8-13C7-8484-4AC65E1B71E8}
		{05C857B3-9596-43D1-8C11-46E55AF8025C} = {E1B59B03-37A9-4FF7-8697-0D516FADF9C3}
	EndGlobalSection
	GlobalSection(ExtensibilityGlobals) = postSolution
		SolutionGuid = {77226125-425F-48F9-B7B7-9563C0C505C2}
	EndGlobalSection
EndGlobal
